
Microsoft Visual Studio Solution File, Format Version 12.00
# Visual Studio Version 17
VisualStudioVersion = 17.5.33424.131
MinimumVisualStudioVersion = 10.0.40219.1
Project("{FAE04EC0-301F-11D3-BF4B-00C04F79EFBC}") = "ConsoleApp2", "ConsoleApp2\ConsoleApp2.csproj", "{42DB98DD-1BD6-47A8-8C9E-330FDC5C75CF}"
EndProject
Global
	GlobalSection(SolutionConfigurationPlatforms) = preSolution
		Debug|Any CPU = Debug|Any CPU
		Release|Any CPU = Release|Any CPU
	EndGlobalSection
	GlobalSection(ProjectConfigurationPlatforms) = postSolution
		{42DB98DD-1BD6-47A8-8C9E-330FDC5C75CF}.Debug|Any CPU.ActiveCfg = Debug|Any CPU
		{42DB98DD-1BD6-47A8-8C9E-330FDC5C75CF}.Debug|Any CPU.Build.0 = Debug|Any CPU
		{42DB98DD-1BD6-47A8-8C9E-330FDC5C75CF}.Release|Any CPU.ActiveCfg = Release|Any CPU
		{42DB98DD-1BD6-47A8-8C9E-330FDC5C75CF}.Release|Any CPU.Build.0 = Release|Any CPU
	EndGlobalSection
	GlobalSection(SolutionProperties) = preSolution
		HideSolutionNode = FALSE
	EndGlobalSection
	GlobalSection(ExtensibilityGlobals) = postSolution
		SolutionGuid = {267D5D56-0778-4C9A-B11D-A85FE3C1DC05}
	EndGlobalSection
EndGlobal
